
Microsoft Visual Studio Solution File, Format Version 12.00
Project("{FAE04EC0-301F-11D3-BF4B-00C04F79EFBC}") = "Homework1", "Homework1\Homework1.csproj", "{2D4BFE32-1C7B-430A-A225-5C6F4A4E99F3}"
EndProject
Global
	GlobalSection(SolutionConfigurationPlatforms) = preSolution
		Debug|Any CPU = Debug|Any CPU
		Release|Any CPU = Release|Any CPU
	EndGlobalSection
	GlobalSection(ProjectConfigurationPlatforms) = postSolution
		{2D4BFE32-1C7B-430A-A225-5C6F4A4E99F3}.Debug|Any CPU.ActiveCfg = Debug|Any CPU
		{2D4BFE32-1C7B-430A-A225-5C6F4A4E99F3}.Debug|Any CPU.Build.0 = Debug|Any CPU
		{2D4BFE32-1C7B-430A-A225-5C6F4A4E99F3}.Release|Any CPU.ActiveCfg = Release|Any CPU
		{2D4BFE32-1C7B-430A-A225-5C6F4A4E99F3}.Release|Any CPU.Build.0 = Release|Any CPU
	EndGlobalSection
EndGlobal
