
Microsoft Visual Studio Solution File, Format Version 12.00
Project("{FAE04EC0-301F-11D3-BF4B-00C04F79EFBC}") = "ProductService", "ProductService\ProductService.csproj", "{261EEE75-0092-41E9-8CF5-873914CF204E}"
EndProject
Project("{FAE04EC0-301F-11D3-BF4B-00C04F79EFBC}") = "PriceService", "PriceService\PriceService.csproj", "{39D60B87-DC4E-44EF-8CEA-860E73D67167}"
EndProject
Project("{FAE04EC0-301F-11D3-BF4B-00C04F79EFBC}") = "ImageService", "ImageService\ImageService.csproj", "{161B7BED-072D-43B8-8A69-3AF3553FC0E1}"
EndProject
Project("{FAE04EC0-301F-11D3-BF4B-00C04F79EFBC}") = "BaseRepository", "BaseRepository\BaseRepository.csproj", "{AE947D93-6D4B-4575-9F9C-EEDDD4F3875F}"
EndProject
Project("{FAE04EC0-301F-11D3-BF4B-00C04F79EFBC}") = "WebUI", "WebUI\WebUI.csproj", "{A619CB31-8E05-4B74-AD6E-03C638020A1F}"
EndProject
Project("{FAE04EC0-301F-11D3-BF4B-00C04F79EFBC}") = "AuthService", "AuthService\AuthService.csproj", "{59C65D35-E7DC-4300-A6F7-C99049DF21F2}"
EndProject
Project("{FAE04EC0-301F-11D3-BF4B-00C04F79EFBC}") = "AuthBase", "AuthBase\AuthBase.csproj", "{32FD9BD6-01D7-469B-A01A-4A342A6B013D}"
EndProject
Project("{2150E333-8FDC-42A3-9474-1A3956D46DE8}") = "OtherThings", "OtherThings", "{0BCBEC25-F4F4-4370-AF03-45BDAF1C94FE}"
ProjectSection(SolutionItems) = preProject
	OtherThings\readme.txt = OtherThings\readme.txt
EndProjectSection
EndProject
Global
	GlobalSection(SolutionConfigurationPlatforms) = preSolution
		Debug|Any CPU = Debug|Any CPU
		Release|Any CPU = Release|Any CPU
	EndGlobalSection
	GlobalSection(ProjectConfigurationPlatforms) = postSolution
		{261EEE75-0092-41E9-8CF5-873914CF204E}.Debug|Any CPU.ActiveCfg = Debug|Any CPU
		{261EEE75-0092-41E9-8CF5-873914CF204E}.Debug|Any CPU.Build.0 = Debug|Any CPU
		{261EEE75-0092-41E9-8CF5-873914CF204E}.Release|Any CPU.ActiveCfg = Release|Any CPU
		{261EEE75-0092-41E9-8CF5-873914CF204E}.Release|Any CPU.Build.0 = Release|Any CPU
		{39D60B87-DC4E-44EF-8CEA-860E73D67167}.Debug|Any CPU.ActiveCfg = Debug|Any CPU
		{39D60B87-DC4E-44EF-8CEA-860E73D67167}.Debug|Any CPU.Build.0 = Debug|Any CPU
		{39D60B87-DC4E-44EF-8CEA-860E73D67167}.Release|Any CPU.ActiveCfg = Release|Any CPU
		{39D60B87-DC4E-44EF-8CEA-860E73D67167}.Release|Any CPU.Build.0 = Release|Any CPU
		{161B7BED-072D-43B8-8A69-3AF3553FC0E1}.Debug|Any CPU.ActiveCfg = Debug|Any CPU
		{161B7BED-072D-43B8-8A69-3AF3553FC0E1}.Debug|Any CPU.Build.0 = Debug|Any CPU
		{161B7BED-072D-43B8-8A69-3AF3553FC0E1}.Release|Any CPU.ActiveCfg = Release|Any CPU
		{161B7BED-072D-43B8-8A69-3AF3553FC0E1}.Release|Any CPU.Build.0 = Release|Any CPU
		{AE947D93-6D4B-4575-9F9C-EEDDD4F3875F}.Debug|Any CPU.ActiveCfg = Debug|Any CPU
		{AE947D93-6D4B-4575-9F9C-EEDDD4F3875F}.Debug|Any CPU.Build.0 = Debug|Any CPU
		{AE947D93-6D4B-4575-9F9C-EEDDD4F3875F}.Release|Any CPU.ActiveCfg = Release|Any CPU
		{AE947D93-6D4B-4575-9F9C-EEDDD4F3875F}.Release|Any CPU.Build.0 = Release|Any CPU
		{A619CB31-8E05-4B74-AD6E-03C638020A1F}.Debug|Any CPU.ActiveCfg = Debug|Any CPU
		{A619CB31-8E05-4B74-AD6E-03C638020A1F}.Debug|Any CPU.Build.0 = Debug|Any CPU
		{A619CB31-8E05-4B74-AD6E-03C638020A1F}.Release|Any CPU.ActiveCfg = Release|Any CPU
		{A619CB31-8E05-4B74-AD6E-03C638020A1F}.Release|Any CPU.Build.0 = Release|Any CPU
		{59C65D35-E7DC-4300-A6F7-C99049DF21F2}.Debug|Any CPU.ActiveCfg = Debug|Any CPU
		{59C65D35-E7DC-4300-A6F7-C99049DF21F2}.Debug|Any CPU.Build.0 = Debug|Any CPU
		{59C65D35-E7DC-4300-A6F7-C99049DF21F2}.Release|Any CPU.ActiveCfg = Release|Any CPU
		{59C65D35-E7DC-4300-A6F7-C99049DF21F2}.Release|Any CPU.Build.0 = Release|Any CPU
		{32FD9BD6-01D7-469B-A01A-4A342A6B013D}.Debug|Any CPU.ActiveCfg = Debug|Any CPU
		{32FD9BD6-01D7-469B-A01A-4A342A6B013D}.Debug|Any CPU.Build.0 = Debug|Any CPU
		{32FD9BD6-01D7-469B-A01A-4A342A6B013D}.Release|Any CPU.ActiveCfg = Release|Any CPU
		{32FD9BD6-01D7-469B-A01A-4A342A6B013D}.Release|Any CPU.Build.0 = Release|Any CPU
	EndGlobalSection
EndGlobal
